
Microsoft Visual Studio Solution File, Format Version 12.00
# Visual Studio Version 17
VisualStudioVersion = 17.8.34330.188
MinimumVisualStudioVersion = 10.0.40219.1
Project("{FAE04EC0-301F-11D3-BF4B-00C04F79EFBC}") = "EmployeeAttendanceMAUI", "EmployeeAttendanceMAUI\EmployeeAttendanceMAUI.csproj", "{664EA6B0-9EEA-4E55-AEE7-54BF597A0E4E}"
EndProject
Global
	GlobalSection(SolutionConfigurationPlatforms) = preSolution
		Debug|Any CPU = Debug|Any CPU
		Release|Any CPU = Release|Any CPU
	EndGlobalSection
	GlobalSection(ProjectConfigurationPlatforms) = postSolution
		{664EA6B0-9EEA-4E55-AEE7-54BF597A0E4E}.Debug|Any CPU.ActiveCfg = Debug|Any CPU
		{664EA6B0-9EEA-4E55-AEE7-54BF597A0E4E}.Debug|Any CPU.Build.0 = Debug|Any CPU
		{664EA6B0-9EEA-4E55-AEE7-54BF597A0E4E}.Debug|Any CPU.Deploy.0 = Debug|Any CPU
		{664EA6B0-9EEA-4E55-AEE7-54BF597A0E4E}.Release|Any CPU.ActiveCfg = Release|Any CPU
		{664EA6B0-9EEA-4E55-AEE7-54BF597A0E4E}.Release|Any CPU.Build.0 = Release|Any CPU
		{664EA6B0-9EEA-4E55-AEE7-54BF597A0E4E}.Release|Any CPU.Deploy.0 = Release|Any CPU
	EndGlobalSection
	GlobalSection(SolutionProperties) = preSolution
		HideSolutionNode = FALSE
	EndGlobalSection
	GlobalSection(ExtensibilityGlobals) = postSolution
		SolutionGuid = {392099F7-462C-4EC7-848F-300DF1C87533}
	EndGlobalSection
EndGlobal
